{
    "requires": true,
    "lockfileVersion": 1,
    "dependencies": {
        "@spectrum-css/button": {
            "version": "6.0.1",
            "resolved": "https://registry.npmjs.org/@spectrum-css/button/-/button-6.0.1.tgz",
            "integrity": "sha512-ziMZoGQVRdh3z+4ktpJQlZLLTqN94g27SVNm06S1NIreIVnbu+x0DZ8bnoDNYvX3+NHlcfgNTMX4fP2WL0bybg=="
        },
        "@spectrum-css/page": {
            "version": "5.0.1",
            "resolved": "https://registry.npmjs.org/@spectrum-css/page/-/page-5.0.1.tgz",
            "integrity": "sha512-pykKRoLkfbkXRGFwBf683jmvbUxoFR8/yVtIFOIyBoiS1cFL96W+TOWZly1JqyPvlPM52lq1I9RTID7cjYZTUg==",
            "requires": {
                "@spectrum-css/vars": "^6.1.0"
            }
        },
        "@spectrum-css/vars": {
            "version": "6.1.0",
            "resolved": "https://registry.npmjs.org/@spectrum-css/vars/-/vars-6.1.0.tgz",
            "integrity": "sha512-gM2kEEgpNn8vg3vz3+IROjkhrIpKrNU8v35kCto3qx+pb976ehU79KWFMkSMD69cvRwuBsO1BUgsVDZKVfEs7Q=="
        }
    }
}
